# THIS IS AN AUTOGENERATED FILE. DO NOT EDIT THIS FILE DIRECTLY.
# yarn lockfile v1


"@date-io/core@^3.0.0":
  version "3.0.0"
  resolved "https://registry.yarnpkg.com/@date-io/core/-/core-3.0.0.tgz#9fd2375383b5791b7211dfce3e576211f9ddce5e"
  integrity sha512-S3j+IAQVBYNkQzchVVhX40eBkGDreBpScy9RXwTS5j2+k07+62pMVPisQ44Gq76Rqy5AOG/EZXCwBpY/jbemvA==

"@date-io/dayjs@^3.0.0":
  version "3.0.0"
  resolved "https://registry.yarnpkg.com/@date-io/dayjs/-/dayjs-3.0.0.tgz#46cf595d10639fe00b89e8c23cbcac22c0d542bb"
  integrity sha512-vy7DSwoQiPA2L0stRqW3le7lcEBMjoMMEmbpCNkyoX3xXizKInFvhbnOBmCyusIQ7tL/WsNC4X5bVgdNWX0JLA==
  dependencies:
    "@date-io/core" "^3.0.0"

"@iconify/types@^2.0.0":
  version "2.0.0"
  resolved "https://registry.yarnpkg.com/@iconify/types/-/types-2.0.0.tgz#ab0e9ea681d6c8a1214f30cd741fe3a20cc57f57"
  integrity sha512-+wluvCrRhXrhyOmRDJ3q8mux9JkKy5SJ/v8ol2tu4FVjyYvtEzkc/3pK15ET6RKg4b4w4BmTk1+gsCUhf21Ykg==

"@iconify/vue@^4.1.2":
  version "4.1.2"
  resolved "https://registry.yarnpkg.com/@iconify/vue/-/vue-4.1.2.tgz#b76135785ca366b29bf0736eee9cfefc1c2ef79e"
  integrity sha512-CQnYqLiQD5LOAaXhBrmj1mdL2/NCJvwcC4jtW2Z8ukhThiFkLDkutarTOV2trfc9EXqUqRs0KqXOL9pZ/IyysA==
  dependencies:
    "@iconify/types" "^2.0.0"

"@vuetify/loader-shared@^2.0.3":
  version "2.0.3"
  resolved "https://registry.yarnpkg.com/@vuetify/loader-shared/-/loader-shared-2.0.3.tgz#11451c717e4a352ec311da52a79c857cd256c92f"
  integrity sha512-Ss3GC7eJYkp2SF6xVzsT7FAruEmdihmn4OCk2+UocREerlXKWgOKKzTN5PN3ZVN5q05jHHrsNhTuWbhN61Bpdg==
  dependencies:
    upath "^2.0.1"

dayjs@^1.11.13:
  version "1.11.13"
  resolved "https://registry.yarnpkg.com/dayjs/-/dayjs-1.11.13.tgz#92430b0139055c3ebb60150aa13e860a4b5a366c"
  integrity sha512-oaMBel6gjolK862uaPQOVTA7q3TZhuSvuMQAAglQDOWYO9A91IrAOUJEyKVlqJlHE0vq5p5UXxzdPfMH/x6xNg==

debug@^4.3.3:
  version "4.3.7"
  resolved "https://registry.yarnpkg.com/debug/-/debug-4.3.7.tgz#87945b4151a011d76d95a198d7111c865c360a52"
  integrity sha512-Er2nc/H7RrMXZBFCEim6TCmMk02Z8vLC2Rbi1KEBggpo0fS6l0S1nnapwmIi3yW/+GOJap1Krg4w0Hg80oCqgQ==
  dependencies:
    ms "^2.1.3"

ms@^2.1.3:
  version "2.1.3"
  resolved "https://registry.yarnpkg.com/ms/-/ms-2.1.3.tgz#574c8138ce1d2b5861f0b44579dbadd60c6615b2"
  integrity sha512-6FlzubTLZG3J2a/NVCAleEhjzq5oxgHyaCU9yYXvcLsvoVaHJq/s5xXI6/XXP6tz7R9xAOtHnSO/tXtF3WRTlA==

upath@^2.0.1:
  version "2.0.1"
  resolved "https://registry.yarnpkg.com/upath/-/upath-2.0.1.tgz#50c73dea68d6f6b990f51d279ce6081665d61a8b"
  integrity sha512-1uEe95xksV1O0CYKXo8vQvN1JEbtJp7lb7C5U9HMsIp6IVwntkH/oNUzyVNQSd4S1sYk2FpSSW44FqMc8qee5w==

vite-plugin-vuetify@^2.0.4:
  version "2.0.4"
  resolved "https://registry.yarnpkg.com/vite-plugin-vuetify/-/vite-plugin-vuetify-2.0.4.tgz#9beb700ee50da58d83399721d6cf4b0af83202d5"
  integrity sha512-A4cliYUoP/u4AWSRVRvAPKgpgR987Pss7LpFa7s1GvOe8WjgDq92Rt3eVXrvgxGCWvZsPKziVqfHHdCMqeDhfw==
  dependencies:
    "@vuetify/loader-shared" "^2.0.3"
    debug "^4.3.3"
    upath "^2.0.1"

vuetify@^3.7.4:
  version "3.7.4"
  resolved "https://registry.yarnpkg.com/vuetify/-/vuetify-3.7.4.tgz#52de97ecb4e456c92dc81c723d1e21b1ddccdbc6"
  integrity sha512-Y8UU5wUDQXC3oz2uumPb8IOdvB4XMCxtxnmqdOc+LihNuPlkSgxIwf92ndRzbOtJFKHsggFUxpyLqpQp+A+5kg==
